PODS:
  - Flutter (1.0.0)
  - zendesk_sdk (0.0.1):
    - Flutter
    - ZendeskSupportSDK (= 5.3.0)
  - ZendeskCommonUISDK (6.1.1)
  - ZendeskCoreSDK (2.5.1)
  - ZendeskMessagingAPISDK (3.8.2):
    - ZendeskSDKConfigurationsSDK (~> 1.1.8)
  - ZendeskMessagingSDK (3.8.2):
    - ZendeskCommonUISDK (~> 6.1.1)
    - ZendeskMessagingAPISDK (~> 3.8.2)
  - ZendeskSDKConfigurationsSDK (1.1.8)
  - ZendeskSupportProvidersSDK (5.3.0):
    - ZendeskCoreSDK (~> 2.5.1)
  - ZendeskSupportSDK (5.3.0):
    - ZendeskMessagingSDK (~> 3.8.2)
    - ZendeskSupportProvidersSDK (~> 5.3.0)

DEPENDENCIES:
  - Flutter (from `Flutter`)
  - zendesk_sdk (from `.symlinks/plugins/zendesk_sdk/ios`)

SPEC REPOS:
  trunk:
    - ZendeskCommonUISDK
    - ZendeskCoreSDK
    - ZendeskMessagingAPISDK
    - ZendeskMessagingSDK
    - ZendeskSDKConfigurationsSDK
    - ZendeskSupportProvidersSDK
    - ZendeskSupportSDK

EXTERNAL SOURCES:
  Flutter:
    :path: Flutter
  zendesk_sdk:
    :path: ".symlinks/plugins/zendesk_sdk/ios"

SPEC CHECKSUMS:
  Flutter: 50d75fe2f02b26cc09d224853bb45737f8b3214a
  zendesk_sdk: 4f1b4d733a563f44a19840095375a2fddca0ae1d
  ZendeskCommonUISDK: 5808802951ad2bb424f0bed4259dc3c0ce9b52ec
  ZendeskCoreSDK: 19a18e5ef2edcb18f4dbc0ea0d12bd31f515712a
  ZendeskMessagingAPISDK: 144e0fb0e633a3c4e73149b781ab65338938d5a8
  ZendeskMessagingSDK: 500e83d9413481e95180c37ddca0d4ef9d515600
  ZendeskSDKConfigurationsSDK: 8371b468db0d09e9198f6c5a97818826943ee1ee
  ZendeskSupportProvidersSDK: 2bdf8544f7cd0fd4c002546f5704b813845beb2a
  ZendeskSupportSDK: 3a8e508ab1d9dd22dc038df6c694466414e037ba

PODFILE CHECKSUM: fe0e1ee7f3d1f7d00b11b474b62dd62134535aea

COCOAPODS: 1.10.1
